
Microsoft Visual Studio Solution File, Format Version 12.00
# Visual Studio Version 17
VisualStudioVersion = 17.0.32014.148
MinimumVisualStudioVersion = 10.0.40219.1
Project("{9A19103F-16F7-4668-BE54-9A1E7A4F7556}") = "KitapSatisWeb", "KitapSatisWeb\KitapSatisWeb.csproj", "{C9580326-CBEC-4849-9AAD-1018313F7CB5}"
EndProject
Project("{FAE04EC0-301F-11D3-BF4B-00C04F79EFBC}") = "Kitap.DataAccess", "Kitap.DataAccess\Kitap.DataAccess.csproj", "{BD32632A-B381-4D2F-A007-9DB3A645E232}"
EndProject
Project("{FAE04EC0-301F-11D3-BF4B-00C04F79EFBC}") = "Kitap.Models", "Kitap.Models\Kitap.Models.csproj", "{1BF57314-F266-4A24-9CA4-2333CAF9DDD2}"
EndProject
Project("{FAE04EC0-301F-11D3-BF4B-00C04F79EFBC}") = "Kitap.Utility", "Kitap.Utility\Kitap.Utility.csproj", "{8D16D70E-8545-4250-A825-0664FBEB704C}"
EndProject
Global
	GlobalSection(SolutionConfigurationPlatforms) = preSolution
		Debug|Any CPU = Debug|Any CPU
		Release|Any CPU = Release|Any CPU
	EndGlobalSection
	GlobalSection(ProjectConfigurationPlatforms) = postSolution
		{C9580326-CBEC-4849-9AAD-1018313F7CB5}.Debug|Any CPU.ActiveCfg = Debug|Any CPU
		{C9580326-CBEC-4849-9AAD-1018313F7CB5}.Debug|Any CPU.Build.0 = Debug|Any CPU
		{C9580326-CBEC-4849-9AAD-1018313F7CB5}.Release|Any CPU.ActiveCfg = Release|Any CPU
		{C9580326-CBEC-4849-9AAD-1018313F7CB5}.Release|Any CPU.Build.0 = Release|Any CPU
		{BD32632A-B381-4D2F-A007-9DB3A645E232}.Debug|Any CPU.ActiveCfg = Debug|Any CPU
		{BD32632A-B381-4D2F-A007-9DB3A645E232}.Debug|Any CPU.Build.0 = Debug|Any CPU
		{BD32632A-B381-4D2F-A007-9DB3A645E232}.Release|Any CPU.ActiveCfg = Release|Any CPU
		{BD32632A-B381-4D2F-A007-9DB3A645E232}.Release|Any CPU.Build.0 = Release|Any CPU
		{1BF57314-F266-4A24-9CA4-2333CAF9DDD2}.Debug|Any CPU.ActiveCfg = Debug|Any CPU
		{1BF57314-F266-4A24-9CA4-2333CAF9DDD2}.Debug|Any CPU.Build.0 = Debug|Any CPU
		{1BF57314-F266-4A24-9CA4-2333CAF9DDD2}.Release|Any CPU.ActiveCfg = Release|Any CPU
		{1BF57314-F266-4A24-9CA4-2333CAF9DDD2}.Release|Any CPU.Build.0 = Release|Any CPU
		{8D16D70E-8545-4250-A825-0664FBEB704C}.Debug|Any CPU.ActiveCfg = Debug|Any CPU
		{8D16D70E-8545-4250-A825-0664FBEB704C}.Debug|Any CPU.Build.0 = Debug|Any CPU
		{8D16D70E-8545-4250-A825-0664FBEB704C}.Release|Any CPU.ActiveCfg = Release|Any CPU
		{8D16D70E-8545-4250-A825-0664FBEB704C}.Release|Any CPU.Build.0 = Release|Any CPU
	EndGlobalSection
	GlobalSection(SolutionProperties) = preSolution
		HideSolutionNode = FALSE
	EndGlobalSection
	GlobalSection(ExtensibilityGlobals) = postSolution
		SolutionGuid = {A1E17198-2DAC-445C-B36C-39F15E9158FF}
	EndGlobalSection
EndGlobal
